
Microsoft Visual Studio Solution File, Format Version 12.00
# Visual Studio Version 16
VisualStudioVersion = 16.0.31702.278
MinimumVisualStudioVersion = 10.0.40219.1
Project("{9A19103F-16F7-4668-BE54-9A1E7A4F7556}") = "MovieReviewWebsite", "MovieReviewWebsite\MovieReviewWebsite.csproj", "{16413779-1326-455C-BEEA-AB8CA3EA410A}"
EndProject
Global
	GlobalSection(SolutionConfigurationPlatforms) = preSolution
		Debug|Any CPU = Debug|Any CPU
		Release|Any CPU = Release|Any CPU
	EndGlobalSection
	GlobalSection(ProjectConfigurationPlatforms) = postSolution
		{16413779-1326-455C-BEEA-AB8CA3EA410A}.Debug|Any CPU.ActiveCfg = Debug|Any CPU
		{16413779-1326-455C-BEEA-AB8CA3EA410A}.Debug|Any CPU.Build.0 = Debug|Any CPU
		{16413779-1326-455C-BEEA-AB8CA3EA410A}.Release|Any CPU.ActiveCfg = Release|Any CPU
		{16413779-1326-455C-BEEA-AB8CA3EA410A}.Release|Any CPU.Build.0 = Release|Any CPU
	EndGlobalSection
	GlobalSection(SolutionProperties) = preSolution
		HideSolutionNode = FALSE
	EndGlobalSection
	GlobalSection(ExtensibilityGlobals) = postSolution
		SolutionGuid = {C5A0453B-FD80-4FFD-8D19-E568AF0DD5B9}
	EndGlobalSection
EndGlobal
